
Microsoft Visual Studio Solution File, Format Version 12.00
# Visual Studio 15
VisualStudioVersion = 15.0.28307.1585
MinimumVisualStudioVersion = 10.0.40219.1
Project("{2150E333-8FDC-42A3-9474-1A3956D46DE8}") = "Solution Items", "Solution Items", "{4230BB96-59F9-462E-A239-AFBAFE590D2D}"
	ProjectSection(SolutionItems) = preProject
		.gitignore = .gitignore
	EndProjectSection
EndProject
Project("{FAE04EC0-301F-11D3-BF4B-00C04F79EFBC}") = "StoreFront.UI.MVC", "StoreFront.UI.MVC\StoreFront.UI.MVC.csproj", "{24820D85-1ED7-4FBF-B99E-CB57C9904B56}"
EndProject
Project("{FAE04EC0-301F-11D3-BF4B-00C04F79EFBC}") = "StoreFront.DATA.EF", "StoreFront.DATA.EF\StoreFront.DATA.EF.csproj", "{130287E0-30C4-4456-8F4A-96D307D95AF6}"
EndProject
Global
	GlobalSection(SolutionConfigurationPlatforms) = preSolution
		Debug|Any CPU = Debug|Any CPU
		Release|Any CPU = Release|Any CPU
	EndGlobalSection
	GlobalSection(ProjectConfigurationPlatforms) = postSolution
		{24820D85-1ED7-4FBF-B99E-CB57C9904B56}.Debug|Any CPU.ActiveCfg = Debug|Any CPU
		{24820D85-1ED7-4FBF-B99E-CB57C9904B56}.Debug|Any CPU.Build.0 = Debug|Any CPU
		{24820D85-1ED7-4FBF-B99E-CB57C9904B56}.Release|Any CPU.ActiveCfg = Release|Any CPU
		{24820D85-1ED7-4FBF-B99E-CB57C9904B56}.Release|Any CPU.Build.0 = Release|Any CPU
		{130287E0-30C4-4456-8F4A-96D307D95AF6}.Debug|Any CPU.ActiveCfg = Debug|Any CPU
		{130287E0-30C4-4456-8F4A-96D307D95AF6}.Debug|Any CPU.Build.0 = Debug|Any CPU
		{130287E0-30C4-4456-8F4A-96D307D95AF6}.Release|Any CPU.ActiveCfg = Release|Any CPU
		{130287E0-30C4-4456-8F4A-96D307D95AF6}.Release|Any CPU.Build.0 = Release|Any CPU
	EndGlobalSection
	GlobalSection(SolutionProperties) = preSolution
		HideSolutionNode = FALSE
	EndGlobalSection
	GlobalSection(ExtensibilityGlobals) = postSolution
		SolutionGuid = {2289286B-A019-4D5B-85E5-10E14B681233}
	EndGlobalSection
EndGlobal
